{
  "name": "sec-basic",
  "version": "0.0.0",
  "lockfileVersion": 3,
  "requires": true,
  "packages": {
    "": {
      "name": "sec-basic",
      "version": "0.0.0",
      "dependencies": {
        "lodash": "4.17.15"
      }
    },
    "node_modules/lodash": {
      "version": "4.17.15",
      "resolved": "https://registry.npmjs.org/lodash/-/lodash-4.17.15.tgz",
      "integrity": "sha512-8xOcRHvCjnTdmHpaCyMA6rYSRGT/vT0DyFXjP4mNaBBEHTFEy07EQrJhPCf0N8rz9pjNaJnrWMdGmyMEMWjOZg=="
    }
  }
}
